Microsoft Visual Studio Solution File, Format Version 12.00
# Visual Studio 2012
Project("{FAE04EC0-301F-11D3-BF4B-00C04F79EFBC}") = "Weigou.Admin", "Weigou.Admin\Weigou.Admin.csproj", "{CC032F83-103B-4970-8969-14647CD9893A}"
EndProject
Project("{FAE04EC0-301F-11D3-BF4B-00C04F79EFBC}") = "Weigou.Service", "Weigou.Service\Weigou.Service.csproj", "{B38D3659-F52A-4839-8199-771BE66D7E0E}"
EndProject
Project("{FAE04EC0-301F-11D3-BF4B-00C04F79EFBC}") = "Weigou.Dao", "Weigou.Dao\Weigou.Dao.csproj", "{46DE5735-890A-4CD5-AA61-4C5FF2BC9A97}"
EndProject
Project("{FAE04EC0-301F-11D3-BF4B-00C04F79EFBC}") = "Weigou.Common", "Weigou.Common\Weigou.Common.csproj", "{28E32696-9CBD-4C0B-BED7-416EF4A08975}"
EndProject
Project("{FAE04EC0-301F-11D3-BF4B-00C04F79EFBC}") = "Weigou.Model", "Weigou.Model\Weigou.Model.csproj", "{167E5FD5-7427-4B2D-82D6-7B7028C386A2}"
EndProject
Project("{FAE04EC0-301F-11D3-BF4B-00C04F79EFBC}") = "Weigou.Config", "Weigou.Config\Weigou.Config.csproj", "{E9A30B42-30A0-45CC-A8AF-22E6F358725D}"
EndProject
Project("{FAE04EC0-301F-11D3-BF4B-00C04F79EFBC}") = "Weigou.Api", "Weigou.Api\Weigou.Api.csproj", "{B43148EE-224E-441A-A8C1-E5475C4D17F6}"
EndProject
Project("{FAE04EC0-301F-11D3-BF4B-00C04F79EFBC}") = "Weigou.Web", "Weigou.Web\Weigou.Web.csproj", "{8F2FF551-9E7E-4D1C-94E6-5CCFE9239B90}"
EndProject
Project("{FAE04EC0-301F-11D3-BF4B-00C04F79EFBC}") = "Weigou.Pay", "Weigou.Pay\Weigou.Pay.csproj", "{D378D7DB-547B-4378-9760-7AFF52428B7E}"
EndProject
Project("{FAE04EC0-301F-11D3-BF4B-00C04F79EFBC}") = "Weigou.Manage", "Weigou.Manage\Weigou.Manage.csproj", "{7ED30E99-473E-4EED-9954-1028B2D58B99}"
EndProject
Project("{FAE04EC0-301F-11D3-BF4B-00C04F79EFBC}") = "Weigou.Weixin", "Weigou.Weixin\Weigou.Weixin.csproj", "{8CE4D384-AB56-4468-BB93-5150B033D504}"
EndProject
Project("{2150E333-8FDC-42A3-9474-1A3956D46DE8}") = "Plugins", "Plugins", "{F0B4C85E-873E-405A-A9A6-388B0A633D55}"
EndProject
Project("{FAE04EC0-301F-11D3-BF4B-00C04F79EFBC}") = "Senparc.Weixin", "Plugins\Senparc.Weixin\Senparc.Weixin.csproj", "{814092CD-9CD0-4FB7-91E8-D147F476F1FB}"
EndProject
Project("{FAE04EC0-301F-11D3-BF4B-00C04F79EFBC}") = "Senparc.Weixin.MP", "Plugins\Senparc.Weixin.MP\Senparc.Weixin.MP.csproj", "{1D815FBF-451C-4E23-939C-CB80172F445C}"
EndProject
Project("{FAE04EC0-301F-11D3-BF4B-00C04F79EFBC}") = "Weigou.Easemob", "Weigou.Easemob\Weigou.Easemob.csproj", "{65EC4B98-6BD5-44F7-B00F-B2715D7DD45E}"
EndProject
Global
	GlobalSection(SolutionConfigurationPlatforms) = preSolution
		Debug|Any CPU = Debug|Any CPU
		Debug|Mixed Platforms = Debug|Mixed Platforms
		Debug|x86 = Debug|x86
		Release|Any CPU = Release|Any CPU
		Release|Mixed Platforms = Release|Mixed Platforms
		Release|x86 = Release|x86
		test|Any CPU = test|Any CPU
		test|Mixed Platforms = test|Mixed Platforms
		test|x86 = test|x86
	EndGlobalSection
	GlobalSection(ProjectConfigurationPlatforms) = postSolution
		{CC032F83-103B-4970-8969-14647CD9893A}.Debug|Any CPU.ActiveCfg = Debug|Any CPU
		{CC032F83-103B-4970-8969-14647CD9893A}.Debug|Any CPU.Build.0 = Debug|Any CPU
		{CC032F83-103B-4970-8969-14647CD9893A}.Debug|Mixed Platforms.ActiveCfg = Debug|Any CPU
		{CC032F83-103B-4970-8969-14647CD9893A}.Debug|Mixed Platforms.Build.0 = Debug|Any CPU
		{CC032F83-103B-4970-8969-14647CD9893A}.Debug|x86.ActiveCfg = Debug|Any CPU
		{CC032F83-103B-4970-8969-14647CD9893A}.Release|Any CPU.ActiveCfg = Release|Any CPU
		{CC032F83-103B-4970-8969-14647CD9893A}.Release|Any CPU.Build.0 = Release|Any CPU
		{CC032F83-103B-4970-8969-14647CD9893A}.Release|Mixed Platforms.ActiveCfg = Release|Any CPU
		{CC032F83-103B-4970-8969-14647CD9893A}.Release|Mixed Platforms.Build.0 = Release|Any CPU
		{CC032F83-103B-4970-8969-14647CD9893A}.Release|x86.ActiveCfg = Release|Any CPU
		{CC032F83-103B-4970-8969-14647CD9893A}.test|Any CPU.ActiveCfg = test|Any CPU
		{CC032F83-103B-4970-8969-14647CD9893A}.test|Any CPU.Build.0 = test|Any CPU
		{CC032F83-103B-4970-8969-14647CD9893A}.test|Mixed Platforms.ActiveCfg = test|Any CPU
		{CC032F83-103B-4970-8969-14647CD9893A}.test|Mixed Platforms.Build.0 = test|Any CPU
		{CC032F83-103B-4970-8969-14647CD9893A}.test|x86.ActiveCfg = test|Any CPU
		{B38D3659-F52A-4839-8199-771BE66D7E0E}.Debug|Any CPU.ActiveCfg = Debug|Any CPU
		{B38D3659-F52A-4839-8199-771BE66D7E0E}.Debug|Any CPU.Build.0 = Debug|Any CPU
		{B38D3659-F52A-4839-8199-771BE66D7E0E}.Debug|Mixed Platforms.ActiveCfg = Debug|Any CPU
		{B38D3659-F52A-4839-8199-771BE66D7E0E}.Debug|Mixed Platforms.Build.0 = Debug|Any CPU
		{B38D3659-F52A-4839-8199-771BE66D7E0E}.Debug|x86.ActiveCfg = Debug|Any CPU
		{B38D3659-F52A-4839-8199-771BE66D7E0E}.Release|Any CPU.ActiveCfg = Release|Any CPU
		{B38D3659-F52A-4839-8199-771BE66D7E0E}.Release|Any CPU.Build.0 = Release|Any CPU
		{B38D3659-F52A-4839-8199-771BE66D7E0E}.Release|Mixed Platforms.ActiveCfg = Release|Any CPU
		{B38D3659-F52A-4839-8199-771BE66D7E0E}.Release|Mixed Platforms.Build.0 = Release|Any CPU
		{B38D3659-F52A-4839-8199-771BE66D7E0E}.Release|x86.ActiveCfg = Release|Any CPU
		{B38D3659-F52A-4839-8199-771BE66D7E0E}.test|Any CPU.ActiveCfg = test|Any CPU
		{B38D3659-F52A-4839-8199-771BE66D7E0E}.test|Any CPU.Build.0 = test|Any CPU
		{B38D3659-F52A-4839-8199-771BE66D7E0E}.test|Mixed Platforms.ActiveCfg = test|Any CPU
		{B38D3659-F52A-4839-8199-771BE66D7E0E}.test|Mixed Platforms.Build.0 = test|Any CPU
		{B38D3659-F52A-4839-8199-771BE66D7E0E}.test|x86.ActiveCfg = test|Any CPU
		{46DE5735-890A-4CD5-AA61-4C5FF2BC9A97}.Debug|Any CPU.ActiveCfg = Debug|Any CPU
		{46DE5735-890A-4CD5-AA61-4C5FF2BC9A97}.Debug|Any CPU.Build.0 = Debug|Any CPU
		{46DE5735-890A-4CD5-AA61-4C5FF2BC9A97}.Debug|Mixed Platforms.ActiveCfg = Debug|Any CPU
		{46DE5735-890A-4CD5-AA61-4C5FF2BC9A97}.Debug|Mixed Platforms.Build.0 = Debug|Any CPU
		{46DE5735-890A-4CD5-AA61-4C5FF2BC9A97}.Debug|x86.ActiveCfg = Debug|Any CPU
		{46DE5735-890A-4CD5-AA61-4C5FF2BC9A97}.Release|Any CPU.ActiveCfg = Release|Any CPU
		{46DE5735-890A-4CD5-AA61-4C5FF2BC9A97}.Release|Any CPU.Build.0 = Release|Any CPU
		{46DE5735-890A-4CD5-AA61-4C5FF2BC9A97}.Release|Mixed Platforms.ActiveCfg = Release|Any CPU
		{46DE5735-890A-4CD5-AA61-4C5FF2BC9A97}.Release|Mixed Platforms.Build.0 = Release|Any CPU
		{46DE5735-890A-4CD5-AA61-4C5FF2BC9A97}.Release|x86.ActiveCfg = Release|Any CPU
		{46DE5735-890A-4CD5-AA61-4C5FF2BC9A97}.test|Any CPU.ActiveCfg = test|Any CPU
		{46DE5735-890A-4CD5-AA61-4C5FF2BC9A97}.test|Any CPU.Build.0 = test|Any CPU
		{46DE5735-890A-4CD5-AA61-4C5FF2BC9A97}.test|Mixed Platforms.ActiveCfg = test|Any CPU
		{46DE5735-890A-4CD5-AA61-4C5FF2BC9A97}.test|Mixed Platforms.Build.0 = test|Any CPU
		{46DE5735-890A-4CD5-AA61-4C5FF2BC9A97}.test|x86.ActiveCfg = test|Any CPU
		{28E32696-9CBD-4C0B-BED7-416EF4A08975}.Debug|Any CPU.ActiveCfg = Debug|Any CPU
		{28E32696-9CBD-4C0B-BED7-416EF4A08975}.Debug|Any CPU.Build.0 = Debug|Any CPU
		{28E32696-9CBD-4C0B-BED7-416EF4A08975}.Debug|Mixed Platforms.ActiveCfg = Debug|Any CPU
		{28E32696-9CBD-4C0B-BED7-416EF4A08975}.Debug|Mixed Platforms.Build.0 = Debug|Any CPU
		{28E32696-9CBD-4C0B-BED7-416EF4A08975}.Debug|x86.ActiveCfg = Debug|Any CPU
		{28E32696-9CBD-4C0B-BED7-416EF4A08975}.Release|Any CPU.ActiveCfg = Release|Any CPU
		{28E32696-9CBD-4C0B-BED7-416EF4A08975}.Release|Any CPU.Build.0 = Release|Any CPU
		{28E32696-9CBD-4C0B-BED7-416EF4A08975}.Release|Mixed Platforms.ActiveCfg = Release|Any CPU
		{28E32696-9CBD-4C0B-BED7-416EF4A08975}.Release|Mixed Platforms.Build.0 = Release|Any CPU
		{28E32696-9CBD-4C0B-BED7-416EF4A08975}.Release|x86.ActiveCfg = Release|Any CPU
		{28E32696-9CBD-4C0B-BED7-416EF4A08975}.test|Any CPU.ActiveCfg = test|Any CPU
		{28E32696-9CBD-4C0B-BED7-416EF4A08975}.test|Any CPU.Build.0 = test|Any CPU
		{28E32696-9CBD-4C0B-BED7-416EF4A08975}.test|Mixed Platforms.ActiveCfg = test|Any CPU
		{28E32696-9CBD-4C0B-BED7-416EF4A08975}.test|Mixed Platforms.Build.0 = test|Any CPU
		{28E32696-9CBD-4C0B-BED7-416EF4A08975}.test|x86.ActiveCfg = test|Any CPU
		{167E5FD5-7427-4B2D-82D6-7B7028C386A2}.Debug|Any CPU.ActiveCfg = Debug|Any CPU
		{167E5FD5-7427-4B2D-82D6-7B7028C386A2}.Debug|Any CPU.Build.0 = Debug|Any CPU
		{167E5FD5-7427-4B2D-82D6-7B7028C386A2}.Debug|Mixed Platforms.ActiveCfg = Debug|Any CPU
		{167E5FD5-7427-4B2D-82D6-7B7028C386A2}.Debug|Mixed Platforms.Build.0 = Debug|Any CPU
		{167E5FD5-7427-4B2D-82D6-7B7028C386A2}.Debug|x86.ActiveCfg = Debug|Any CPU
		{167E5FD5-7427-4B2D-82D6-7B7028C386A2}.Release|Any CPU.ActiveCfg = Release|Any CPU
		{167E5FD5-7427-4B2D-82D6-7B7028C386A2}.Release|Any CPU.Build.0 = Release|Any CPU
		{167E5FD5-7427-4B2D-82D6-7B7028C386A2}.Release|Mixed Platforms.ActiveCfg = Release|Any CPU
		{167E5FD5-7427-4B2D-82D6-7B7028C386A2}.Release|Mixed Platforms.Build.0 = Release|Any CPU
		{167E5FD5-7427-4B2D-82D6-7B7028C386A2}.Release|x86.ActiveCfg = Release|Any CPU
		{167E5FD5-7427-4B2D-82D6-7B7028C386A2}.test|Any CPU.ActiveCfg = test|Any CPU
		{167E5FD5-7427-4B2D-82D6-7B7028C386A2}.test|Any CPU.Build.0 = test|Any CPU
		{167E5FD5-7427-4B2D-82D6-7B7028C386A2}.test|Mixed Platforms.ActiveCfg = test|Any CPU
		{167E5FD5-7427-4B2D-82D6-7B7028C386A2}.test|Mixed Platforms.Build.0 = test|Any CPU
		{167E5FD5-7427-4B2D-82D6-7B7028C386A2}.test|x86.ActiveCfg = test|Any CPU
		{E9A30B42-30A0-45CC-A8AF-22E6F358725D}.Debug|Any CPU.ActiveCfg = Debug|Any CPU
		{E9A30B42-30A0-45CC-A8AF-22E6F358725D}.Debug|Any CPU.Build.0 = Debug|Any CPU
		{E9A30B42-30A0-45CC-A8AF-22E6F358725D}.Debug|Mixed Platforms.ActiveCfg = Debug|Any CPU
		{E9A30B42-30A0-45CC-A8AF-22E6F358725D}.Debug|Mixed Platforms.Build.0 = Debug|Any CPU
		{E9A30B42-30A0-45CC-A8AF-22E6F358725D}.Debug|x86.ActiveCfg = Debug|Any CPU
		{E9A30B42-30A0-45CC-A8AF-22E6F358725D}.Release|Any CPU.ActiveCfg = Release|Any CPU
		{E9A30B42-30A0-45CC-A8AF-22E6F358725D}.Release|Any CPU.Build.0 = Release|Any CPU
		{E9A30B42-30A0-45CC-A8AF-22E6F358725D}.Release|Mixed Platforms.ActiveCfg = Release|Any CPU
		{E9A30B42-30A0-45CC-A8AF-22E6F358725D}.Release|Mixed Platforms.Build.0 = Release|Any CPU
		{E9A30B42-30A0-45CC-A8AF-22E6F358725D}.Release|x86.ActiveCfg = Release|Any CPU
		{E9A30B42-30A0-45CC-A8AF-22E6F358725D}.test|Any CPU.ActiveCfg = test|Any CPU
		{E9A30B42-30A0-45CC-A8AF-22E6F358725D}.test|Any CPU.Build.0 = test|Any CPU
		{E9A30B42-30A0-45CC-A8AF-22E6F358725D}.test|Mixed Platforms.ActiveCfg = test|Any CPU
		{E9A30B42-30A0-45CC-A8AF-22E6F358725D}.test|Mixed Platforms.Build.0 = test|Any CPU
		{E9A30B42-30A0-45CC-A8AF-22E6F358725D}.test|x86.ActiveCfg = test|Any CPU
		{B43148EE-224E-441A-A8C1-E5475C4D17F6}.Debug|Any CPU.ActiveCfg = Debug|Any CPU
		{B43148EE-224E-441A-A8C1-E5475C4D17F6}.Debug|Any CPU.Build.0 = Debug|Any CPU
		{B43148EE-224E-441A-A8C1-E5475C4D17F6}.Debug|Mixed Platforms.ActiveCfg = Debug|Any CPU
		{B43148EE-224E-441A-A8C1-E5475C4D17F6}.Debug|Mixed Platforms.Build.0 = Debug|Any CPU
		{B43148EE-224E-441A-A8C1-E5475C4D17F6}.Debug|x86.ActiveCfg = Debug|Any CPU
		{B43148EE-224E-441A-A8C1-E5475C4D17F6}.Release|Any CPU.ActiveCfg = Release|Any CPU
		{B43148EE-224E-441A-A8C1-E5475C4D17F6}.Release|Any CPU.Build.0 = Release|Any CPU
		{B43148EE-224E-441A-A8C1-E5475C4D17F6}.Release|Mixed Platforms.ActiveCfg = Release|Any CPU
		{B43148EE-224E-441A-A8C1-E5475C4D17F6}.Release|Mixed Platforms.Build.0 = Release|Any CPU
		{B43148EE-224E-441A-A8C1-E5475C4D17F6}.Release|x86.ActiveCfg = Release|Any CPU
		{B43148EE-224E-441A-A8C1-E5475C4D17F6}.test|Any CPU.ActiveCfg = test|Any CPU
		{B43148EE-224E-441A-A8C1-E5475C4D17F6}.test|Any CPU.Build.0 = test|Any CPU
		{B43148EE-224E-441A-A8C1-E5475C4D17F6}.test|Mixed Platforms.ActiveCfg = test|Any CPU
		{B43148EE-224E-441A-A8C1-E5475C4D17F6}.test|Mixed Platforms.Build.0 = test|Any CPU
		{B43148EE-224E-441A-A8C1-E5475C4D17F6}.test|x86.ActiveCfg = test|Any CPU
		{8F2FF551-9E7E-4D1C-94E6-5CCFE9239B90}.Debug|Any CPU.ActiveCfg = Debug|Any CPU
		{8F2FF551-9E7E-4D1C-94E6-5CCFE9239B90}.Debug|Any CPU.Build.0 = Debug|Any CPU
		{8F2FF551-9E7E-4D1C-94E6-5CCFE9239B90}.Debug|Mixed Platforms.ActiveCfg = Debug|Any CPU
		{8F2FF551-9E7E-4D1C-94E6-5CCFE9239B90}.Debug|Mixed Platforms.Build.0 = Debug|Any CPU
		{8F2FF551-9E7E-4D1C-94E6-5CCFE9239B90}.Debug|x86.ActiveCfg = Debug|Any CPU
		{8F2FF551-9E7E-4D1C-94E6-5CCFE9239B90}.Release|Any CPU.ActiveCfg = Release|Any CPU
		{8F2FF551-9E7E-4D1C-94E6-5CCFE9239B90}.Release|Any CPU.Build.0 = Release|Any CPU
		{8F2FF551-9E7E-4D1C-94E6-5CCFE9239B90}.Release|Mixed Platforms.ActiveCfg = Release|Any CPU
		{8F2FF551-9E7E-4D1C-94E6-5CCFE9239B90}.Release|Mixed Platforms.Build.0 = Release|Any CPU
		{8F2FF551-9E7E-4D1C-94E6-5CCFE9239B90}.Release|x86.ActiveCfg = Release|Any CPU
		{8F2FF551-9E7E-4D1C-94E6-5CCFE9239B90}.test|Any CPU.ActiveCfg = test|Any CPU
		{8F2FF551-9E7E-4D1C-94E6-5CCFE9239B90}.test|Any CPU.Build.0 = test|Any CPU
		{8F2FF551-9E7E-4D1C-94E6-5CCFE9239B90}.test|Mixed Platforms.ActiveCfg = test|Any CPU
		{8F2FF551-9E7E-4D1C-94E6-5CCFE9239B90}.test|Mixed Platforms.Build.0 = test|Any CPU
		{8F2FF551-9E7E-4D1C-94E6-5CCFE9239B90}.test|x86.ActiveCfg = test|Any CPU
		{D378D7DB-547B-4378-9760-7AFF52428B7E}.Debug|Any CPU.ActiveCfg = Debug|Any CPU
		{D378D7DB-547B-4378-9760-7AFF52428B7E}.Debug|Any CPU.Build.0 = Debug|Any CPU
		{D378D7DB-547B-4378-9760-7AFF52428B7E}.Debug|Mixed Platforms.ActiveCfg = Debug|Any CPU
		{D378D7DB-547B-4378-9760-7AFF52428B7E}.Debug|Mixed Platforms.Build.0 = Debug|Any CPU
		{D378D7DB-547B-4378-9760-7AFF52428B7E}.Debug|x86.ActiveCfg = Debug|Any CPU
		{D378D7DB-547B-4378-9760-7AFF52428B7E}.Release|Any CPU.ActiveCfg = Release|Any CPU
		{D378D7DB-547B-4378-9760-7AFF52428B7E}.Release|Any CPU.Build.0 = Release|Any CPU
		{D378D7DB-547B-4378-9760-7AFF52428B7E}.Release|Mixed Platforms.ActiveCfg = Release|Any CPU
		{D378D7DB-547B-4378-9760-7AFF52428B7E}.Release|Mixed Platforms.Build.0 = Release|Any CPU
		{D378D7DB-547B-4378-9760-7AFF52428B7E}.Release|x86.ActiveCfg = Release|Any CPU
		{D378D7DB-547B-4378-9760-7AFF52428B7E}.test|Any CPU.ActiveCfg = Release|Any CPU
		{D378D7DB-547B-4378-9760-7AFF52428B7E}.test|Any CPU.Build.0 = Release|Any CPU
		{D378D7DB-547B-4378-9760-7AFF52428B7E}.test|Mixed Platforms.ActiveCfg = Release|Any CPU
		{D378D7DB-547B-4378-9760-7AFF52428B7E}.test|Mixed Platforms.Build.0 = Release|Any CPU
		{D378D7DB-547B-4378-9760-7AFF52428B7E}.test|x86.ActiveCfg = Release|Any CPU
		{7ED30E99-473E-4EED-9954-1028B2D58B99}.Debug|Any CPU.ActiveCfg = Debug|Any CPU
		{7ED30E99-473E-4EED-9954-1028B2D58B99}.Debug|Any CPU.Build.0 = Debug|Any CPU
		{7ED30E99-473E-4EED-9954-1028B2D58B99}.Debug|Mixed Platforms.ActiveCfg = Debug|Any CPU
		{7ED30E99-473E-4EED-9954-1028B2D58B99}.Debug|Mixed Platforms.Build.0 = Debug|Any CPU
		{7ED30E99-473E-4EED-9954-1028B2D58B99}.Debug|x86.ActiveCfg = Debug|Any CPU
		{7ED30E99-473E-4EED-9954-1028B2D58B99}.Release|Any CPU.ActiveCfg = Release|Any CPU
		{7ED30E99-473E-4EED-9954-1028B2D58B99}.Release|Any CPU.Build.0 = Release|Any CPU
		{7ED30E99-473E-4EED-9954-1028B2D58B99}.Release|Mixed Platforms.ActiveCfg = Release|Any CPU
		{7ED30E99-473E-4EED-9954-1028B2D58B99}.Release|Mixed Platforms.Build.0 = Release|Any CPU
		{7ED30E99-473E-4EED-9954-1028B2D58B99}.Release|x86.ActiveCfg = Release|Any CPU
		{7ED30E99-473E-4EED-9954-1028B2D58B99}.test|Any CPU.ActiveCfg = Release|Any CPU
		{7ED30E99-473E-4EED-9954-1028B2D58B99}.test|Any CPU.Build.0 = Release|Any CPU
		{7ED30E99-473E-4EED-9954-1028B2D58B99}.test|Mixed Platforms.ActiveCfg = Release|Any CPU
		{7ED30E99-473E-4EED-9954-1028B2D58B99}.test|Mixed Platforms.Build.0 = Release|Any CPU
		{7ED30E99-473E-4EED-9954-1028B2D58B99}.test|x86.ActiveCfg = Release|Any CPU
		{8CE4D384-AB56-4468-BB93-5150B033D504}.Debug|Any CPU.ActiveCfg = Debug|Any CPU
		{8CE4D384-AB56-4468-BB93-5150B033D504}.Debug|Any CPU.Build.0 = Debug|Any CPU
		{8CE4D384-AB56-4468-BB93-5150B033D504}.Debug|Mixed Platforms.ActiveCfg = Debug|Any CPU
		{8CE4D384-AB56-4468-BB93-5150B033D504}.Debug|Mixed Platforms.Build.0 = Debug|Any CPU
		{8CE4D384-AB56-4468-BB93-5150B033D504}.Debug|x86.ActiveCfg = Debug|Any CPU
		{8CE4D384-AB56-4468-BB93-5150B033D504}.Release|Any CPU.ActiveCfg = Release|Any CPU
		{8CE4D384-AB56-4468-BB93-5150B033D504}.Release|Any CPU.Build.0 = Release|Any CPU
		{8CE4D384-AB56-4468-BB93-5150B033D504}.Release|Mixed Platforms.ActiveCfg = Release|Any CPU
		{8CE4D384-AB56-4468-BB93-5150B033D504}.Release|Mixed Platforms.Build.0 = Release|Any CPU
		{8CE4D384-AB56-4468-BB93-5150B033D504}.Release|x86.ActiveCfg = Release|Any CPU
		{8CE4D384-AB56-4468-BB93-5150B033D504}.test|Any CPU.ActiveCfg = Release|Any CPU
		{8CE4D384-AB56-4468-BB93-5150B033D504}.test|Any CPU.Build.0 = Release|Any CPU
		{8CE4D384-AB56-4468-BB93-5150B033D504}.test|Mixed Platforms.ActiveCfg = Release|Any CPU
		{8CE4D384-AB56-4468-BB93-5150B033D504}.test|Mixed Platforms.Build.0 = Release|Any CPU
		{8CE4D384-AB56-4468-BB93-5150B033D504}.test|x86.ActiveCfg = Release|Any CPU
		{814092CD-9CD0-4FB7-91E8-D147F476F1FB}.Debug|Any CPU.ActiveCfg = Debug|Any CPU
		{814092CD-9CD0-4FB7-91E8-D147F476F1FB}.Debug|Any CPU.Build.0 = Debug|Any CPU
		{814092CD-9CD0-4FB7-91E8-D147F476F1FB}.Debug|Mixed Platforms.ActiveCfg = Debug|Any CPU
		{814092CD-9CD0-4FB7-91E8-D147F476F1FB}.Debug|Mixed Platforms.Build.0 = Debug|Any CPU
		{814092CD-9CD0-4FB7-91E8-D147F476F1FB}.Debug|x86.ActiveCfg = Debug|Any CPU
		{814092CD-9CD0-4FB7-91E8-D147F476F1FB}.Release|Any CPU.ActiveCfg = Release|Any CPU
		{814092CD-9CD0-4FB7-91E8-D147F476F1FB}.Release|Any CPU.Build.0 = Release|Any CPU
		{814092CD-9CD0-4FB7-91E8-D147F476F1FB}.Release|Mixed Platforms.ActiveCfg = Release|Any CPU
		{814092CD-9CD0-4FB7-91E8-D147F476F1FB}.Release|Mixed Platforms.Build.0 = Release|Any CPU
		{814092CD-9CD0-4FB7-91E8-D147F476F1FB}.Release|x86.ActiveCfg = Release|Any CPU
		{814092CD-9CD0-4FB7-91E8-D147F476F1FB}.test|Any CPU.ActiveCfg = Release|Any CPU
		{814092CD-9CD0-4FB7-91E8-D147F476F1FB}.test|Any CPU.Build.0 = Release|Any CPU
		{814092CD-9CD0-4FB7-91E8-D147F476F1FB}.test|Mixed Platforms.ActiveCfg = Release|Any CPU
		{814092CD-9CD0-4FB7-91E8-D147F476F1FB}.test|Mixed Platforms.Build.0 = Release|Any CPU
		{814092CD-9CD0-4FB7-91E8-D147F476F1FB}.test|x86.ActiveCfg = Release|Any CPU
		{1D815FBF-451C-4E23-939C-CB80172F445C}.Debug|Any CPU.ActiveCfg = Debug|Any CPU
		{1D815FBF-451C-4E23-939C-CB80172F445C}.Debug|Any CPU.Build.0 = Debug|Any CPU
		{1D815FBF-451C-4E23-939C-CB80172F445C}.Debug|Mixed Platforms.ActiveCfg = Debug|Any CPU
		{1D815FBF-451C-4E23-939C-CB80172F445C}.Debug|Mixed Platforms.Build.0 = Debug|Any CPU
		{1D815FBF-451C-4E23-939C-CB80172F445C}.Debug|x86.ActiveCfg = Debug|Any CPU
		{1D815FBF-451C-4E23-939C-CB80172F445C}.Release|Any CPU.ActiveCfg = Release|Any CPU
		{1D815FBF-451C-4E23-939C-CB80172F445C}.Release|Any CPU.Build.0 = Release|Any CPU
		{1D815FBF-451C-4E23-939C-CB80172F445C}.Release|Mixed Platforms.ActiveCfg = Release|Any CPU
		{1D815FBF-451C-4E23-939C-CB80172F445C}.Release|Mixed Platforms.Build.0 = Release|Any CPU
		{1D815FBF-451C-4E23-939C-CB80172F445C}.Release|x86.ActiveCfg = Release|Any CPU
		{1D815FBF-451C-4E23-939C-CB80172F445C}.test|Any CPU.ActiveCfg = Test|Any CPU
		{1D815FBF-451C-4E23-939C-CB80172F445C}.test|Any CPU.Build.0 = Test|Any CPU
		{1D815FBF-451C-4E23-939C-CB80172F445C}.test|Mixed Platforms.ActiveCfg = Test|Any CPU
		{1D815FBF-451C-4E23-939C-CB80172F445C}.test|Mixed Platforms.Build.0 = Test|Any CPU
		{1D815FBF-451C-4E23-939C-CB80172F445C}.test|x86.ActiveCfg = Test|Any CPU
		{65EC4B98-6BD5-44F7-B00F-B2715D7DD45E}.Debug|Any CPU.ActiveCfg = Debug|Any CPU
		{65EC4B98-6BD5-44F7-B00F-B2715D7DD45E}.Debug|Any CPU.Build.0 = Debug|Any CPU
		{65EC4B98-6BD5-44F7-B00F-B2715D7DD45E}.Debug|Mixed Platforms.ActiveCfg = Debug|Any CPU
		{65EC4B98-6BD5-44F7-B00F-B2715D7DD45E}.Debug|Mixed Platforms.Build.0 = Debug|Any CPU
		{65EC4B98-6BD5-44F7-B00F-B2715D7DD45E}.Debug|x86.ActiveCfg = Debug|Any CPU
		{65EC4B98-6BD5-44F7-B00F-B2715D7DD45E}.Release|Any CPU.ActiveCfg = Release|Any CPU
		{65EC4B98-6BD5-44F7-B00F-B2715D7DD45E}.Release|Any CPU.Build.0 = Release|Any CPU
		{65EC4B98-6BD5-44F7-B00F-B2715D7DD45E}.Release|Mixed Platforms.ActiveCfg = Release|Any CPU
		{65EC4B98-6BD5-44F7-B00F-B2715D7DD45E}.Release|Mixed Platforms.Build.0 = Release|Any CPU
		{65EC4B98-6BD5-44F7-B00F-B2715D7DD45E}.Release|x86.ActiveCfg = Release|Any CPU
		{65EC4B98-6BD5-44F7-B00F-B2715D7DD45E}.test|Any CPU.ActiveCfg = Release|Any CPU
		{65EC4B98-6BD5-44F7-B00F-B2715D7DD45E}.test|Any CPU.Build.0 = Release|Any CPU
		{65EC4B98-6BD5-44F7-B00F-B2715D7DD45E}.test|Mixed Platforms.ActiveCfg = Release|Any CPU
		{65EC4B98-6BD5-44F7-B00F-B2715D7DD45E}.test|Mixed Platforms.Build.0 = Release|Any CPU
		{65EC4B98-6BD5-44F7-B00F-B2715D7DD45E}.test|x86.ActiveCfg = Release|Any CPU
	EndGlobalSection
	GlobalSection(SolutionProperties) = preSolution
		HideSolutionNode = FALSE
	EndGlobalSection
	GlobalSection(NestedProjects) = preSolution
		{814092CD-9CD0-4FB7-91E8-D147F476F1FB} = {F0B4C85E-873E-405A-A9A6-388B0A633D55}
		{1D815FBF-451C-4E23-939C-CB80172F445C} = {F0B4C85E-873E-405A-A9A6-388B0A633D55}
	EndGlobalSection
EndGlobal
